{
  "nodes": {
    "nixpkgs": {
      "locked": {
        "lastModified": 1789073787,
        "narHash": "sha256-xfX/toC2QV707s06GbP4II/TxYF0fNQj7s5/LClNDKc=",
        "owner": "NixOS",
        "repo": "nixpkgs",
        "rev": "aff8a0b28396750446e5537a96461bc4facdb287",
        "type": "github"
      },
      "original": {
        "owner": "NixOS",
        "ref": "nixpkgs-unstable",
        "repo": "nixpkgs",
        "type": "github"
      }
    },
    "root": {
      "inputs": {
        "nixpkgs": "nixpkgs",
        "soma": "soma"
      }
    },
    "soma": {
      "inputs": {
        "nixpkgs": [
          "nixpkgs"
        ]
      },
      "locked": {
        "lastModified": 1791547045,
        "narHash": "sha256-Ey1jG8eiTX+UWNHOyHw2zE6RrxxjgUwwcklKQRElekI=",
        "owner": "alexjmiller5",
        "repo": "soma",
        "rev": "1950bdb22ad8965bcee776ef4051f1665b590aeb",
        "type": "github"
      },
      "original": {
        "owner": "alexjmiller5",
        "repo": "soma",
        "rev": "1950bdb22ad8965bcee776ef4051f1665b590aeb",
        "type": "github"
      }
    }
  },
  "root": "root",
  "version": 7
}
