{
  "nodes": {
    "life-data": {
      "inputs": {
        "nixpkgs": [
          "nixpkgs"
        ]
      },
      "locked": {
        "lastModified": 1791331177,
        "narHash": "sha256-XUVxu590wnzhnAmXnCSf+TL/X8EBo7dQIXJGV60esL8=",
        "owner": "alexjmiller5",
        "repo": "life-data",
        "rev": "22daeac57fd9a821d70fba468daa8a081b7d98c3",
        "type": "github"
      },
      "original": {
        "owner": "alexjmiller5",
        "repo": "life-data",
        "rev": "22daeac57fd9a821d70fba468daa8a081b7d98c3",
        "type": "github"
      }
    },
    "nixpkgs": {
      "locked": {
        "lastModified": 1789073787,
        "narHash": "sha256-xfX/toC2QV707s06GbP4II/TxYF0fNQj7s5/LClNDKc=",
        "owner": "NixOS",
        "repo": "nixpkgs",
        "rev": "aff8a0b28396750446e5537a96461bc4facdb287",
        "type": "github"
      },
      "original": {
        "owner": "NixOS",
        "ref": "nixpkgs-unstable",
        "repo": "nixpkgs",
        "type": "github"
      }
    },
    "root": {
      "inputs": {
        "life-data": "life-data",
        "nixpkgs": "nixpkgs"
      }
    }
  },
  "root": "root",
  "version": 7
}
